{
  "version": 4,
  "terraform_version": "1.12.0",
  "serial": 5,
  "lineage": "ac7dce20-040e-bb61-fa96-586b899284d4",
  "outputs": {
    "account_id": {
      "value": "123456789012",
      "type": "string"
    },
    "availability_zone": {
      "value": "us-west-1a",
      "type": "string"
    },
    "iam_role_name": {
      "value": "tdsbx-lambda",
      "type": "string"
    },
    "instance_id": {
      "value": "i-06368f8a9da7ab277",
      "type": "string"
    },
    "lambda_name": {
      "value": "tdsbx-fn",
      "type": "string"
    },
    "log_group_name": {
      "value": "tdsbx-app",
      "type": "string"
    },
    "name_prefix": {
      "value": "tdsbx",
      "type": "string"
    },
    "region": {
      "value": "us-west-1",
      "type": "string"
    },
    "scanner_role_arn": {
      "value": "arn:aws:iam::123456789012:role/tdsbx-scanner",
      "type": "string"
    },
    "security_group_id": {
      "value": "sg-02650871c4b541c45",
      "type": "string"
    },
    "subnet_id": {
      "value": "subnet-0b4768cf8f73de84b",
      "type": "string"
    },
    "vpc_id": {
      "value": "vpc-06477faef5ba8c81b",
      "type": "string"
    }
  },
  "resources": [
    {
      "mode": "data",
      "type": "archive_file",
      "name": "lambda",
      "provider": "provider[\"registry.opentofu.org/hashicorp/archive\"]",
      "instances": [
        {
          "schema_version": 0,
          "attributes": {
            "exclude_symlink_directories": null,
            "excludes": null,
            "id": "3166f5a88abc59a8af8fa770d1f6874e6a8d0f08",
            "output_base64sha256": "+xbZKF8dbPs82iP1mGd3pP8T+l6XCz7pzu8oBok0GxU=",
            "output_base64sha512": "cjgOdZ/0DtU4kTqfwyAzFFVLGxL/b92ECj9Pu9UD8wUTH9vbuZ6MNEM+O7Q9tf5PV8BdiE594Y76LmIJ7zUvtA==",
            "output_file_mode": null,
            "output_md5": "aef0035a340b1982b0ed5e8a90882b13",
            "output_path": "./.terraform/lambda.zip",
            "output_sha": "3166f5a88abc59a8af8fa770d1f6874e6a8d0f08",
            "output_sha256": "fb16d9285f1d6cfb3cda23f5986777a4ff13fa5e970b3ee9ceef280689341b15",
            "output_sha512": "72380e759ff40ed538913a9fc3203314554b1b12ff6fdd840a3f4fbbd503f305131fdbdbb99e8c34433e3bb43db5fe4f57c05d884e7de18efa2e6209ef352fb4",
            "output_size": 181,
            "source": [
              {
                "content": "def handler(event, context):\n    return 'ok'\n",
                "filename": "index.py"
              }
            ],
            "source_content": null,
            "source_content_filename": null,
            "source_dir": null,
            "source_file": null,
            "type": "zip"
          },
          "sensitive_attributes": []
        }
      ]
    },
    {
      "mode": "data",
      "type": "aws_availability_zones",
      "name": "up",
      "provider": "provider[\"registry.opentofu.org/hashicorp/aws\"]",
      "instances": [
        {
          "schema_version": 0,
          "attributes": {
            "all_availability_zones": null,
            "exclude_names": null,
            "exclude_zone_ids": null,
            "filter": null,
            "group_names": [
              "us-west-1-zg-1"
            ],
            "id": "us-west-1",
            "names": [
              "us-west-1a",
              "us-west-1c"
            ],
            "region": "us-west-1",
            "state": "available",
            "timeouts": null,
            "zone_ids": [
              "usw1-az1",
              "usw1-az3"
            ]
          },
          "sensitive_attributes": []
        }
      ]
    },
    {
      "mode": "data",
      "type": "aws_caller_identity",
      "name": "me",
      "provider": "provider[\"registry.opentofu.org/hashicorp/aws\"]",
      "instances": [
        {
          "schema_version": 0,
          "attributes": {
            "account_id": "123456789012",
            "arn": "arn:aws:iam::123456789012:user/sandbox",
            "id": "123456789012",
            "user_id": "AIDAEXAMPLEEXAMPLE"
          },
          "sensitive_attributes": []
        }
      ]
    },
    {
      "mode": "data",
      "type": "aws_ssm_parameter",
      "name": "al2023_arm64",
      "provider": "provider[\"registry.opentofu.org/hashicorp/aws\"]",
      "instances": [
        {
          "schema_version": 0,
          "attributes": {
            "arn": "arn:aws:ssm:us-west-1::parameter/aws/service/ami-amazon-linux-latest/al2023-ami-kernel-default-arm64",
            "id": "/aws/service/ami-amazon-linux-latest/al2023-ami-kernel-default-arm64",
            "insecure_value": "ami-0c9bb41ac6320b1b6",
            "name": "/aws/service/ami-amazon-linux-latest/al2023-ami-kernel-default-arm64",
            "region": "us-west-1",
            "type": "String",
            "value": "ami-0c9bb41ac6320b1b6",
            "version": 188,
            "with_decryption": true
          },
          "sensitive_attributes": []
        }
      ]
    },
    {
      "mode": "managed",
      "type": "aws_ami",
      "name": "main",
      "provider": "provider[\"registry.opentofu.org/hashicorp/aws\"]",
      "instances": [
        {
          "schema_version": 0,
          "attributes": {
            "architecture": "arm64",
            "arn": "arn:aws:ec2:us-west-1::image/ami-0bd49cfac2efd7bac",
            "boot_mode": "",
            "deprecation_time": "",
            "description": "",
            "ebs_block_device": [
              {
                "delete_on_termination": true,
                "device_name": "/dev/xvda",
                "encrypted": false,
                "iops": 0,
                "outpost_arn": "",
                "snapshot_id": "snap-099c5c6f033ec4678",
                "throughput": 0,
                "volume_size": 1,
                "volume_type": "gp3"
              }
            ],
            "ena_support": true,
            "ephemeral_block_device": [],
            "hypervisor": "xen",
            "id": "ami-0bd49cfac2efd7bac",
            "image_location": "123456789012/tdsbx-ami",
            "image_owner_alias": "",
            "image_type": "machine",
            "imds_support": "",
            "kernel_id": "",
            "last_launched_time": "",
            "manage_ebs_snapshots": null,
            "name": "tdsbx-ami",
            "owner_id": "123456789012",
            "platform": "",
            "platform_details": "Linux/UNIX",
            "public": false,
            "ramdisk_id": "",
            "region": "us-west-1",
            "root_device_name": "/dev/xvda",
            "root_snapshot_id": "snap-099c5c6f033ec4678",
            "sriov_net_support": "simple",
            "tags": {},
            "tags_all": {
              "tofu-drift-sandbox": "tdsbx"
            },
            "timeouts": null,
            "tpm_support": "",
            "uefi_data": null,
            "usage_operation": "RunInstances",
            "virtualization_type": "hvm"
          },
          "sensitive_attributes": [],
          "private": "eyJlMmJmYjczMC1lY2FhLTExZTYtOGY4OC0zNDM2M2JjN2M0YzAiOnsiY3JlYXRlIjoyNDAwMDAwMDAwMDAwLCJkZWxldGUiOjU0MDAwMDAwMDAwMDAsInVwZGF0ZSI6MjQwMDAwMDAwMDAwMH19",
          "dependencies": [
            "aws_ebs_snapshot.data",
            "aws_ebs_volume.data",
            "data.aws_availability_zones.up"
          ]
        }
      ]
    },
    {
      "mode": "managed",
      "type": "aws_autoscaling_group",
      "name": "main",
      "provider": "provider[\"registry.opentofu.org/hashicorp/aws\"]",
      "instances": [
        {
          "schema_version": 1,
          "attributes": {
            "arn": "arn:aws:autoscaling:us-west-1:123456789012:autoScalingGroup:a8ae8a37-f2ca-4f10-b2da-9a2166062630:autoScalingGroupName/tdsbx-asg",
            "availability_zone_distribution": [
              {
                "capacity_distribution_strategy": "balanced-best-effort"
              }
            ],
            "availability_zones": [
              "us-west-1a",
              "us-west-1c"
            ],
            "capacity_rebalance": false,
            "capacity_reservation_specification": [
              {
                "capacity_reservation_preference": "default",
                "capacity_reservation_target": []
              }
            ],
            "context": "",
            "default_cooldown": 300,
            "default_instance_warmup": 0,
            "desired_capacity": 0,
            "desired_capacity_type": "",
            "enabled_metrics": [],
            "force_delete": false,
            "force_delete_warm_pool": false,
            "health_check_grace_period": 300,
            "health_check_type": "EC2",
            "id": "tdsbx-asg",
            "ignore_failed_scaling_activities": false,
            "initial_lifecycle_hook": [],
            "instance_lifecycle_policy": [
              {
                "retention_triggers": [
                  {
                    "terminate_hook_abandon": "terminate"
                  }
                ]
              }
            ],
            "instance_maintenance_policy": [],
            "instance_refresh": [],
            "launch_configuration": "",
            "launch_template": [
              {
                "id": "lt-0c9b1de003bff9146",
                "name": "tdsbx-lt-36a2ceb9b2bcc1d0f38a8db6b2",
                "version": "$Latest"
              }
            ],
            "load_balancers": [],
            "max_instance_lifetime": 0,
            "max_size": 0,
            "metrics_granularity": "1Minute",
            "min_elb_capacity": null,
            "min_size": 0,
            "mixed_instances_policy": [],
            "name": "tdsbx-asg",
            "name_prefix": "",
            "placement_group": "",
            "predicted_capacity": 0,
            "protect_from_scale_in": false,
            "region": "us-west-1",
            "service_linked_role_arn": "arn:aws:iam::123456789012:role/aws-service-role/autoscaling.amazonaws.com/AWSServiceRoleForAutoScaling",
            "suspended_processes": [],
            "tag": [
              {
                "key": "tofu-drift-sandbox",
                "propagate_at_launch": true,
                "value": "tdsbx"
              }
            ],
            "target_group_arns": [],
            "termination_policies": [],
            "timeouts": null,
            "traffic_source": [],
            "vpc_zone_identifier": [
              "subnet-028f0295af9f3a161",
              "subnet-0b4768cf8f73de84b"
            ],
            "wait_for_capacity_timeout": "10m",
            "wait_for_elb_capacity": null,
            "warm_pool": [],
            "warm_pool_size": 0
          },
          "sensitive_attributes": [],
          "private": "eyJlMmJmYjczMC1lY2FhLTExZTYtOGY4OC0zNDM2M2JjN2M0YzAiOnsiZGVsZXRlIjo2MDAwMDAwMDAwMDAsInVwZGF0ZSI6NjAwMDAwMDAwMDAwfSwic2NoZW1hX3ZlcnNpb24iOiIxIn0=",
          "dependencies": [
            "aws_launch_template.main",
            "aws_subnet.main",
            "aws_vpc.main",
            "data.aws_availability_zones.up",
            "data.aws_ssm_parameter.al2023_arm64"
          ],
          "identity": {
            "account_id": "123456789012",
            "name": "tdsbx-asg",
            "region": "us-west-1"
          },
          "identity_schema_version": 0
        }
      ]
    },
    {
      "mode": "managed",
      "type": "aws_cloudwatch_log_group",
      "name": "app",
      "provider": "provider[\"registry.opentofu.org/hashicorp/aws\"]",
      "instances": [
        {
          "schema_version": 0,
          "attributes": {
            "arn": "arn:aws:logs:us-west-1:123456789012:log-group:tdsbx-app",
            "deletion_protection_enabled": false,
            "id": "tdsbx-app",
            "kms_key_id": "",
            "log_group_class": "STANDARD",
            "name": "tdsbx-app",
            "name_prefix": "",
            "region": "us-west-1",
            "retention_in_days": 0,
            "skip_destroy": false,
            "tags": {},
            "tags_all": {
              "tofu-drift-sandbox": "tdsbx"
            }
          },
          "sensitive_attributes": [],
          "private": "bnVsbA==",
          "identity": {
            "account_id": "123456789012",
            "name": "tdsbx-app",
            "region": "us-west-1"
          },
          "identity_schema_version": 0
        }
      ]
    },
    {
      "mode": "managed",
      "type": "aws_cloudwatch_log_group",
      "name": "lambda",
      "provider": "provider[\"registry.opentofu.org/hashicorp/aws\"]",
      "instances": [
        {
          "schema_version": 0,
          "attributes": {
            "arn": "arn:aws:logs:us-west-1:123456789012:log-group:/aws/lambda/tdsbx-fn",
            "deletion_protection_enabled": false,
            "id": "/aws/lambda/tdsbx-fn",
            "kms_key_id": "",
            "log_group_class": "STANDARD",
            "name": "/aws/lambda/tdsbx-fn",
            "name_prefix": "",
            "region": "us-west-1",
            "retention_in_days": 1,
            "skip_destroy": false,
            "tags": {},
            "tags_all": {
              "tofu-drift-sandbox": "tdsbx"
            }
          },
          "sensitive_attributes": [],
          "private": "bnVsbA==",
          "identity": {
            "account_id": "123456789012",
            "name": "/aws/lambda/tdsbx-fn",
            "region": "us-west-1"
          },
          "identity_schema_version": 0
        }
      ]
    },
    {
      "mode": "managed",
      "type": "aws_dynamodb_table",
      "name": "main",
      "provider": "provider[\"registry.opentofu.org/hashicorp/aws\"]",
      "instances": [
        {
          "schema_version": 1,
          "attributes": {
            "arn": "arn:aws:dynamodb:us-west-1:123456789012:table/tdsbx-table",
            "attribute": [
              {
                "name": "id",
                "type": "S"
              }
            ],
            "billing_mode": "PAY_PER_REQUEST",
            "deletion_protection_enabled": false,
            "global_secondary_index": [],
            "global_table_witness": [],
            "hash_key": "id",
            "id": "tdsbx-table",
            "import_table": [],
            "local_secondary_index": [],
            "name": "tdsbx-table",
            "on_demand_throughput": [],
            "point_in_time_recovery": [
              {
                "enabled": false,
                "recovery_period_in_days": 0
              }
            ],
            "range_key": null,
            "read_capacity": 0,
            "region": "us-west-1",
            "replica": [],
            "restore_backup_arn": null,
            "restore_date_time": null,
            "restore_source_name": null,
            "restore_source_table_arn": null,
            "restore_to_latest_time": null,
            "server_side_encryption": [],
            "stream_arn": "",
            "stream_enabled": false,
            "stream_label": "",
            "stream_view_type": "",
            "table_class": "STANDARD",
            "tags": {},
            "tags_all": {
              "tofu-drift-sandbox": "tdsbx"
            },
            "timeouts": null,
            "ttl": [
              {
                "attribute_name": "",
                "enabled": false
              }
            ],
            "warm_throughput": [],
            "write_capacity": 0
          },
          "sensitive_attributes": [],
          "private": "eyJlMmJmYjczMC1lY2FhLTExZTYtOGY4OC0zNDM2M2JjN2M0YzAiOnsiY3JlYXRlIjoxODAwMDAwMDAwMDAwLCJkZWxldGUiOjYwMDAwMDAwMDAwMCwidXBkYXRlIjozNjAwMDAwMDAwMDAwfSwic2NoZW1hX3ZlcnNpb24iOiIxIn0=",
          "identity": {
            "account_id": "123456789012",
            "name": "tdsbx-table",
            "region": "us-west-1"
          },
          "identity_schema_version": 0
        }
      ]
    },
    {
      "mode": "managed",
      "type": "aws_ebs_snapshot",
      "name": "data",
      "provider": "provider[\"registry.opentofu.org/hashicorp/aws\"]",
      "instances": [
        {
          "schema_version": 0,
          "attributes": {
            "arn": "arn:aws:ec2:us-west-1::snapshot/snap-099c5c6f033ec4678",
            "data_encryption_key_id": "",
            "description": "",
            "encrypted": false,
            "id": "snap-099c5c6f033ec4678",
            "kms_key_id": "",
            "outpost_arn": "",
            "owner_alias": "",
            "owner_id": "123456789012",
            "permanent_restore": null,
            "region": "us-west-1",
            "storage_tier": "standard",
            "tags": {
              "Name": "tdsbx-data-snap"
            },
            "tags_all": {
              "Name": "tdsbx-data-snap",
              "tofu-drift-sandbox": "tdsbx"
            },
            "temporary_restore_days": null,
            "timeouts": null,
            "volume_id": "vol-064471b497294d84e",
            "volume_size": 1
          },
          "sensitive_attributes": [],
          "private": "eyJlMmJmYjczMC1lY2FhLTExZTYtOGY4OC0zNDM2M2JjN2M0YzAiOnsiY3JlYXRlIjo2MDAwMDAwMDAwMDAsImRlbGV0ZSI6NjAwMDAwMDAwMDAwfX0=",
          "dependencies": [
            "aws_ebs_volume.data",
            "data.aws_availability_zones.up"
          ]
        }
      ]
    },
    {
      "mode": "managed",
      "type": "aws_ebs_volume",
      "name": "data",
      "provider": "provider[\"registry.opentofu.org/hashicorp/aws\"]",
      "instances": [
        {
          "schema_version": 0,
          "attributes": {
            "arn": "arn:aws:ec2:us-west-1:123456789012:volume/vol-064471b497294d84e",
            "availability_zone": "us-west-1a",
            "create_time": "2026-09-24T03:52:26Z",
            "encrypted": false,
            "final_snapshot": false,
            "id": "vol-064471b497294d84e",
            "iops": 3000,
            "kms_key_id": "",
            "multi_attach_enabled": false,
            "outpost_arn": "",
            "region": "us-west-1",
            "size": 1,
            "snapshot_id": "",
            "tags": {
              "Name": "tdsbx-data"
            },
            "tags_all": {
              "Name": "tdsbx-data",
              "tofu-drift-sandbox": "tdsbx"
            },
            "throughput": 125,
            "timeouts": null,
            "type": "gp3",
            "volume_initialization_rate": 0
          },
          "sensitive_attributes": [],
          "private": "eyJlMmJmYjczMC1lY2FhLTExZTYtOGY4OC0zNDM2M2JjN2M0YzAiOnsiY3JlYXRlIjozMDAwMDAwMDAwMDAsImRlbGV0ZSI6NjAwMDAwMDAwMDAwLCJ1cGRhdGUiOjMwMDAwMDAwMDAwMH19",
          "dependencies": [
            "data.aws_availability_zones.up"
          ],
          "identity": {
            "account_id": "123456789012",
            "id": "vol-064471b497294d84e",
            "region": "us-west-1"
          },
          "identity_schema_version": 0
        }
      ]
    },
    {
      "mode": "managed",
      "type": "aws_ec2_instance_state",
      "name": "main",
      "provider": "provider[\"registry.opentofu.org/hashicorp/aws\"]",
      "instances": [
        {
          "schema_version": 0,
          "attributes": {
            "force": false,
            "id": "i-06368f8a9da7ab277",
            "instance_id": "i-06368f8a9da7ab277",
            "region": "us-west-1",
            "state": "stopped",
            "timeouts": null
          },
          "sensitive_attributes": [],
          "private": "eyJlMmJmYjczMC1lY2FhLTExZTYtOGY4OC0zNDM2M2JjN2M0YzAiOnsiY3JlYXRlIjo2MDAwMDAwMDAwMDAsImRlbGV0ZSI6NjAwMDAwMDAwMDAsInVwZGF0ZSI6NjAwMDAwMDAwMDAwfX0=",
          "dependencies": [
            "aws_instance.main",
            "aws_security_group.main",
            "aws_subnet.main",
            "aws_vpc.main",
            "data.aws_availability_zones.up",
            "data.aws_ssm_parameter.al2023_arm64"
          ]
        }
      ]
    },
    {
      "mode": "managed",
      "type": "aws_ecs_cluster",
      "name": "main",
      "provider": "provider[\"registry.opentofu.org/hashicorp/aws\"]",
      "instances": [
        {
          "schema_version": 0,
          "attributes": {
            "arn": "arn:aws:ecs:us-west-1:123456789012:cluster/tdsbx-ecs",
            "configuration": [],
            "id": "arn:aws:ecs:us-west-1:123456789012:cluster/tdsbx-ecs",
            "name": "tdsbx-ecs",
            "region": "us-west-1",
            "service_connect_defaults": [],
            "setting": [
              {
                "name": "containerInsights",
                "value": "disabled"
              }
            ],
            "tags": {},
            "tags_all": {
              "tofu-drift-sandbox": "tdsbx"
            }
          },
          "sensitive_attributes": [],
          "private": "bnVsbA==",
          "identity": {
            "account_id": "123456789012",
            "name": "tdsbx-ecs",
            "region": "us-west-1"
          },
          "identity_schema_version": 0
        }
      ]
    },
    {
      "mode": "managed",
      "type": "aws_iam_role",
      "name": "lambda",
      "provider": "provider[\"registry.opentofu.org/hashicorp/aws\"]",
      "instances": [
        {
          "schema_version": 0,
          "attributes": {
            "arn": "arn:aws:iam::123456789012:role/tdsbx-lambda",
            "assume_role_policy": "{\"Statement\":[{\"Action\":\"sts:AssumeRole\",\"Effect\":\"Allow\",\"Principal\":{\"Service\":\"lambda.amazonaws.com\"}}],\"Version\":\"2012-10-17\"}",
            "create_date": "2026-09-24T03:52:26Z",
            "description": "tofu-drift sandbox Lambda role",
            "force_detach_policies": false,
            "id": "tdsbx-lambda",
            "inline_policy": [],
            "managed_policy_arns": [],
            "max_session_duration": 3600,
            "name": "tdsbx-lambda",
            "name_prefix": "",
            "path": "/",
            "permissions_boundary": "",
            "tags": {},
            "tags_all": {
              "tofu-drift-sandbox": "tdsbx"
            },
            "unique_id": "AROAEXAMPLEEXAMPLE"
          },
          "sensitive_attributes": [],
          "private": "bnVsbA==",
          "identity": {
            "account_id": "123456789012",
            "name": "tdsbx-lambda"
          },
          "identity_schema_version": 0
        }
      ]
    },
    {
      "mode": "managed",
      "type": "aws_iam_role",
      "name": "scanner",
      "provider": "provider[\"registry.opentofu.org/hashicorp/aws\"]",
      "instances": [
        {
          "schema_version": 0,
          "attributes": {
            "arn": "arn:aws:iam::123456789012:role/tdsbx-scanner",
            "assume_role_policy": "{\"Statement\":[{\"Action\":\"sts:AssumeRole\",\"Effect\":\"Allow\",\"Principal\":{\"AWS\":\"arn:aws:iam::123456789012:root\"}}],\"Version\":\"2012-10-17\"}",
            "create_date": "2026-09-24T03:52:26Z",
            "description": "",
            "force_detach_policies": false,
            "id": "tdsbx-scanner",
            "inline_policy": [
              {
                "name": "tofu-drift-read-only",
                "policy": "{\"Version\":\"2012-10-17\",\"Statement\":[{\"Action\":[\"autoscaling:DescribeAutoScalingGroups\",\"dynamodb:DescribeTable\",\"dynamodb:ListTables\",\"ec2:DescribeAddresses\",\"ec2:DescribeImages\",\"ec2:DescribeInstances\",\"ec2:DescribeNatGateways\",\"ec2:DescribeNetworkInterfaces\",\"ec2:DescribeRouteTables\",\"ec2:DescribeSecurityGroups\",\"ec2:DescribeSnapshots\",\"ec2:DescribeSubnets\",\"ec2:DescribeVolumes\",\"ec2:DescribeVpcs\",\"ecs:DescribeClusters\",\"ecs:DescribeServices\",\"ecs:ListClusters\",\"ecs:ListServices\",\"eks:DescribeCluster\",\"eks:ListClusters\",\"elasticache:DescribeCacheClusters\",\"elasticloadbalancing:DescribeLoadBalancers\",\"elasticloadbalancing:DescribeTargetGroups\",\"elasticloadbalancing:DescribeTargetHealth\",\"iam:ListRoles\",\"iam:ListUsers\",\"lambda:ListFunctions\",\"logs:DescribeLogGroups\",\"rds:DescribeDBInstances\",\"rds:DescribeDBSnapshots\",\"route53:ListHostedZones\",\"s3:ListAllMyBuckets\",\"sts:GetCallerIdentity\"],\"Effect\":\"Allow\",\"Resource\":\"*\",\"Sid\":\"TofuDriftReadOnly\"}]}"
              }
            ],
            "managed_policy_arns": [],
            "max_session_duration": 3600,
            "name": "tdsbx-scanner",
            "name_prefix": "",
            "path": "/",
            "permissions_boundary": "",
            "tags": {},
            "tags_all": {
              "tofu-drift-sandbox": "tdsbx"
            },
            "unique_id": "AROAEXAMPLEEXAMPLE"
          },
          "sensitive_attributes": [],
          "private": "bnVsbA==",
          "dependencies": [
            "data.aws_caller_identity.me"
          ],
          "identity": {
            "account_id": "123456789012",
            "name": "tdsbx-scanner"
          },
          "identity_schema_version": 0
        }
      ]
    },
    {
      "mode": "managed",
      "type": "aws_iam_role_policy",
      "name": "scanner",
      "provider": "provider[\"registry.opentofu.org/hashicorp/aws\"]",
      "instances": [
        {
          "schema_version": 0,
          "attributes": {
            "id": "tdsbx-scanner:tofu-drift-read-only",
            "name": "tofu-drift-read-only",
            "name_prefix": "",
            "policy": "{\"Version\":\"2012-10-17\",\"Statement\":[{\"Action\":[\"autoscaling:DescribeAutoScalingGroups\",\"dynamodb:DescribeTable\",\"dynamodb:ListTables\",\"ec2:DescribeAddresses\",\"ec2:DescribeImages\",\"ec2:DescribeInstances\",\"ec2:DescribeNatGateways\",\"ec2:DescribeNetworkInterfaces\",\"ec2:DescribeRouteTables\",\"ec2:DescribeSecurityGroups\",\"ec2:DescribeSnapshots\",\"ec2:DescribeSubnets\",\"ec2:DescribeVolumes\",\"ec2:DescribeVpcs\",\"ecs:DescribeClusters\",\"ecs:DescribeServices\",\"ecs:ListClusters\",\"ecs:ListServices\",\"eks:DescribeCluster\",\"eks:ListClusters\",\"elasticache:DescribeCacheClusters\",\"elasticloadbalancing:DescribeLoadBalancers\",\"elasticloadbalancing:DescribeTargetGroups\",\"elasticloadbalancing:DescribeTargetHealth\",\"iam:ListRoles\",\"iam:ListUsers\",\"lambda:ListFunctions\",\"logs:DescribeLogGroups\",\"rds:DescribeDBInstances\",\"rds:DescribeDBSnapshots\",\"route53:ListHostedZones\",\"s3:ListAllMyBuckets\",\"sts:GetCallerIdentity\"],\"Effect\":\"Allow\",\"Resource\":\"*\",\"Sid\":\"TofuDriftReadOnly\"}]}",
            "role": "tdsbx-scanner"
          },
          "sensitive_attributes": [],
          "private": "bnVsbA==",
          "dependencies": [
            "aws_iam_role.scanner",
            "data.aws_caller_identity.me"
          ],
          "identity": {
            "account_id": "123456789012",
            "name": "tofu-drift-read-only",
            "role": "tdsbx-scanner"
          },
          "identity_schema_version": 0
        }
      ]
    },
    {
      "mode": "managed",
      "type": "aws_iam_user",
      "name": "main",
      "provider": "provider[\"registry.opentofu.org/hashicorp/aws\"]",
      "instances": [
        {
          "schema_version": 0,
          "attributes": {
            "arn": "arn:aws:iam::123456789012:user/tdsbx-user",
            "force_destroy": true,
            "id": "tdsbx-user",
            "name": "tdsbx-user",
            "path": "/",
            "permissions_boundary": "",
            "tags": {},
            "tags_all": {
              "tofu-drift-sandbox": "tdsbx"
            },
            "unique_id": "AIDAEXAMPLEEXAMPLE"
          },
          "sensitive_attributes": [],
          "private": "bnVsbA==",
          "identity": {
            "account_id": "123456789012",
            "name": "tdsbx-user"
          },
          "identity_schema_version": 0
        }
      ]
    },
    {
      "mode": "managed",
      "type": "aws_instance",
      "name": "main",
      "provider": "provider[\"registry.opentofu.org/hashicorp/aws\"]",
      "instances": [
        {
          "schema_version": 2,
          "attributes": {
            "ami": "ami-0c9bb41ac6320b1b6",
            "arn": "arn:aws:ec2:us-west-1:123456789012:instance/i-06368f8a9da7ab277",
            "associate_public_ip_address": false,
            "availability_zone": "us-west-1a",
            "capacity_reservation_specification": [
              {
                "capacity_reservation_preference": "open",
                "capacity_reservation_target": []
              }
            ],
            "cpu_options": [
              {
                "amd_sev_snp": "",
                "core_count": 2,
                "nested_virtualization": "",
                "threads_per_core": 1
              }
            ],
            "credit_specification": [
              {
                "cpu_credits": "unlimited"
              }
            ],
            "disable_api_stop": false,
            "disable_api_termination": false,
            "ebs_block_device": [
              {
                "delete_on_termination": false,
                "device_name": "/dev/sdf",
                "encrypted": false,
                "iops": 3000,
                "kms_key_id": "",
                "snapshot_id": "",
                "tags": {
                  "Name": "tdsbx-data",
                  "tofu-drift-sandbox": "tdsbx"
                },
                "tags_all": {
                  "Name": "tdsbx-data",
                  "tofu-drift-sandbox": "tdsbx"
                },
                "throughput": 125,
                "volume_id": "vol-064471b497294d84e",
                "volume_size": 1,
                "volume_type": "gp3"
              }
            ],
            "ebs_optimized": false,
            "enable_primary_ipv6": null,
            "enclave_options": [
              {
                "enabled": false
              }
            ],
            "ephemeral_block_device": [],
            "force_destroy": false,
            "get_password_data": false,
            "hibernation": false,
            "host_id": "",
            "host_resource_group_arn": null,
            "iam_instance_profile": "",
            "id": "i-06368f8a9da7ab277",
            "instance_initiated_shutdown_behavior": "stop",
            "instance_lifecycle": "",
            "instance_market_options": [],
            "instance_state": "stopped",
            "instance_type": "t4g.nano",
            "ipv6_address_count": 0,
            "ipv6_addresses": [],
            "key_name": "",
            "launch_template": [],
            "maintenance_options": [
              {
                "auto_recovery": "default"
              }
            ],
            "metadata_options": [
              {
                "http_endpoint": "enabled",
                "http_protocol_ipv6": "disabled",
                "http_put_response_hop_limit": 2,
                "http_tokens": "required",
                "instance_metadata_tags": "disabled"
              }
            ],
            "monitoring": false,
            "network_interface": [],
            "outpost_arn": "",
            "password_data": "",
            "placement_group": "",
            "placement_group_id": "",
            "placement_partition_number": 0,
            "primary_network_interface": [
              {
                "delete_on_termination": true,
                "network_interface_id": "eni-0fff9e7f473e2fbbf"
              }
            ],
            "primary_network_interface_id": "eni-0fff9e7f473e2fbbf",
            "private_dns": "ip-10-42-0-29.us-west-1.compute.internal",
            "private_dns_name_options": [
              {
                "enable_resource_name_dns_a_record": false,
                "enable_resource_name_dns_aaaa_record": false,
                "hostname_type": "ip-name"
              }
            ],
            "private_ip": "10.42.0.29",
            "public_dns": "",
            "public_ip": "",
            "region": "us-west-1",
            "root_block_device": [
              {
                "delete_on_termination": true,
                "device_name": "/dev/xvda",
                "encrypted": false,
                "iops": 3000,
                "kms_key_id": "",
                "tags": {},
                "tags_all": {
                  "tofu-drift-sandbox": "tdsbx"
                },
                "throughput": 125,
                "volume_id": "vol-03296e07969f3197f",
                "volume_size": 8,
                "volume_type": "gp3"
              }
            ],
            "secondary_network_interface": [],
            "secondary_private_ips": [],
            "security_groups": [],
            "source_dest_check": true,
            "spot_instance_request_id": "",
            "subnet_id": "subnet-0b4768cf8f73de84b",
            "tags": {
              "Name": "tdsbx-instance"
            },
            "tags_all": {
              "Name": "tdsbx-instance",
              "tofu-drift-sandbox": "tdsbx"
            },
            "tenancy": "default",
            "timeouts": null,
            "user_data": null,
            "user_data_base64": null,
            "user_data_replace_on_change": false,
            "volume_tags": null,
            "vpc_security_group_ids": [
              "sg-02650871c4b541c45"
            ]
          },
          "sensitive_attributes": [
            [
              {
                "type": "get_attr",
                "value": "ami"
              }
            ]
          ],
          "private": "eyJlMmJmYjczMC1lY2FhLTExZTYtOGY4OC0zNDM2M2JjN2M0YzAiOnsiY3JlYXRlIjo2MDAwMDAwMDAwMDAsImRlbGV0ZSI6MTIwMDAwMDAwMDAwMCwicmVhZCI6OTAwMDAwMDAwMDAwLCJ1cGRhdGUiOjYwMDAwMDAwMDAwMH0sInNjaGVtYV92ZXJzaW9uIjoiMiJ9",
          "dependencies": [
            "aws_security_group.main",
            "aws_subnet.main",
            "aws_vpc.main",
            "data.aws_availability_zones.up",
            "data.aws_ssm_parameter.al2023_arm64"
          ],
          "identity": {
            "account_id": "123456789012",
            "id": "i-06368f8a9da7ab277",
            "region": "us-west-1"
          },
          "identity_schema_version": 0
        }
      ]
    },
    {
      "mode": "managed",
      "type": "aws_internet_gateway",
      "name": "main",
      "provider": "provider[\"registry.opentofu.org/hashicorp/aws\"]",
      "instances": [
        {
          "schema_version": 0,
          "attributes": {
            "arn": "arn:aws:ec2:us-west-1:123456789012:internet-gateway/igw-0ea4df03e6b2d8f2c",
            "id": "igw-0ea4df03e6b2d8f2c",
            "owner_id": "123456789012",
            "region": "us-west-1",
            "tags": {
              "Name": "tdsbx-igw"
            },
            "tags_all": {
              "Name": "tdsbx-igw",
              "tofu-drift-sandbox": "tdsbx"
            },
            "timeouts": null,
            "vpc_id": "vpc-06477faef5ba8c81b"
          },
          "sensitive_attributes": [],
          "private": "eyJlMmJmYjczMC1lY2FhLTExZTYtOGY4OC0zNDM2M2JjN2M0YzAiOnsiY3JlYXRlIjoxMjAwMDAwMDAwMDAwLCJkZWxldGUiOjEyMDAwMDAwMDAwMDAsInVwZGF0ZSI6MTIwMDAwMDAwMDAwMH19",
          "dependencies": [
            "aws_vpc.main"
          ],
          "identity": {
            "account_id": "123456789012",
            "id": "igw-0ea4df03e6b2d8f2c",
            "region": "us-west-1"
          },
          "identity_schema_version": 0
        }
      ]
    },
    {
      "mode": "managed",
      "type": "aws_lambda_function",
      "name": "main",
      "provider": "provider[\"registry.opentofu.org/hashicorp/aws\"]",
      "instances": [
        {
          "schema_version": 0,
          "attributes": {
            "architectures": [
              "arm64"
            ],
            "arn": "arn:aws:lambda:us-west-1:123456789012:function:tdsbx-fn",
            "capacity_provider_config": [],
            "code_sha256": "+xbZKF8dbPs82iP1mGd3pP8T+l6XCz7pzu8oBok0GxU=",
            "code_signing_config_arn": "",
            "dead_letter_config": [],
            "description": "",
            "durable_config": [],
            "environment": [],
            "ephemeral_storage": [
              {
                "size": 512
              }
            ],
            "file_system_config": [],
            "filename": "./.terraform/lambda.zip",
            "function_name": "tdsbx-fn",
            "handler": "index.handler",
            "id": "tdsbx-fn",
            "image_config": [],
            "image_uri": "",
            "invoke_arn": "arn:aws:apigateway:us-west-1:lambda:path/2015-03-31/functions/arn:aws:lambda:us-west-1:123456789012:function:tdsbx-fn/invocations",
            "kms_key_arn": "",
            "last_modified": "2026-09-24T03:52:35.162+0000",
            "layers": [],
            "logging_config": [
              {
                "application_log_level": "",
                "log_format": "Text",
                "log_group": "/aws/lambda/tdsbx-fn",
                "system_log_level": ""
              }
            ],
            "memory_size": 128,
            "package_type": "Zip",
            "publish": false,
            "publish_to": null,
            "qualified_arn": "arn:aws:lambda:us-west-1:123456789012:function:tdsbx-fn:$LATEST",
            "qualified_invoke_arn": "arn:aws:apigateway:us-west-1:lambda:path/2015-03-31/functions/arn:aws:lambda:us-west-1:123456789012:function:tdsbx-fn:$LATEST/invocations",
            "region": "us-west-1",
            "replace_security_groups_on_destroy": null,
            "replacement_security_group_ids": null,
            "reserved_concurrent_executions": -1,
            "response_streaming_invoke_arn": "arn:aws:apigateway:us-west-1:lambda:path/2021-11-15/functions/arn:aws:lambda:us-west-1:123456789012:function:tdsbx-fn/response-streaming-invocations",
            "role": "arn:aws:iam::123456789012:role/tdsbx-lambda",
            "runtime": "python3.12",
            "s3_bucket": null,
            "s3_key": null,
            "s3_object_version": null,
            "signing_job_arn": "",
            "signing_profile_version_arn": "",
            "skip_destroy": false,
            "snap_start": [],
            "source_code_hash": "+xbZKF8dbPs82iP1mGd3pP8T+l6XCz7pzu8oBok0GxU=",
            "source_code_size": 181,
            "source_kms_key_arn": "",
            "tags": {},
            "tags_all": {
              "tofu-drift-sandbox": "tdsbx"
            },
            "tenancy_config": [],
            "timeout": 3,
            "timeouts": null,
            "tracing_config": [
              {
                "mode": "PassThrough"
              }
            ],
            "use_resource_timeout_for_propagation": null,
            "version": "$LATEST",
            "vpc_config": []
          },
          "sensitive_attributes": [],
          "private": "eyJlMmJmYjczMC1lY2FhLTExZTYtOGY4OC0zNDM2M2JjN2M0YzAiOnsiY3JlYXRlIjo2MDAwMDAwMDAwMDAsImRlbGV0ZSI6NjAwMDAwMDAwMDAwLCJ1cGRhdGUiOjYwMDAwMDAwMDAwMH19",
          "dependencies": [
            "aws_cloudwatch_log_group.lambda",
            "aws_iam_role.lambda",
            "data.archive_file.lambda"
          ],
          "identity": {
            "account_id": "123456789012",
            "function_name": "tdsbx-fn",
            "region": "us-west-1"
          },
          "identity_schema_version": 0
        }
      ]
    },
    {
      "mode": "managed",
      "type": "aws_launch_template",
      "name": "main",
      "provider": "provider[\"registry.opentofu.org/hashicorp/aws\"]",
      "instances": [
        {
          "schema_version": 1,
          "attributes": {
            "arn": "arn:aws:ec2:us-west-1:123456789012:launch-template/lt-0c9b1de003bff9146",
            "block_device_mappings": [],
            "capacity_reservation_specification": [],
            "cpu_options": [],
            "credit_specification": [],
            "default_version": 1,
            "description": "",
            "disable_api_stop": false,
            "disable_api_termination": false,
            "ebs_optimized": "",
            "enclave_options": [],
            "hibernation_options": [],
            "iam_instance_profile": [],
            "id": "lt-0c9b1de003bff9146",
            "image_id": "ami-0c9bb41ac6320b1b6",
            "instance_initiated_shutdown_behavior": "",
            "instance_market_options": [],
            "instance_requirements": [],
            "instance_type": "t4g.nano",
            "kernel_id": "",
            "key_name": "",
            "latest_version": 1,
            "license_specification": [],
            "maintenance_options": [],
            "metadata_options": [],
            "monitoring": [],
            "name": "tdsbx-lt-36a2ceb9b2bcc1d0f38a8db6b2",
            "name_prefix": "tdsbx-lt-",
            "network_interfaces": [],
            "network_performance_options": [],
            "placement": [],
            "private_dns_name_options": [],
            "ram_disk_id": "",
            "region": "us-west-1",
            "secondary_interfaces": [],
            "security_group_names": [],
            "tag_specifications": [],
            "tags": {},
            "tags_all": {
              "tofu-drift-sandbox": "tdsbx"
            },
            "update_default_version": null,
            "user_data": "",
            "vpc_security_group_ids": []
          },
          "sensitive_attributes": [
            [
              {
                "type": "get_attr",
                "value": "image_id"
              }
            ]
          ],
          "private": "eyJzY2hlbWFfdmVyc2lvbiI6IjEifQ==",
          "dependencies": [
            "data.aws_ssm_parameter.al2023_arm64"
          ],
          "identity": {
            "account_id": "123456789012",
            "id": "lt-0c9b1de003bff9146",
            "region": "us-west-1"
          },
          "identity_schema_version": 0
        }
      ]
    },
    {
      "mode": "managed",
      "type": "aws_lb",
      "name": "main",
      "provider": "provider[\"registry.opentofu.org/hashicorp/aws\"]",
      "instances": [
        {
          "schema_version": 0,
          "attributes": {
            "access_logs": [
              {
                "bucket": "",
                "enabled": false,
                "prefix": ""
              }
            ],
            "arn": "arn:aws:elasticloadbalancing:us-west-1:123456789012:loadbalancer/app/tdsbx-alb/a0fb401e97734c75",
            "arn_suffix": "app/tdsbx-alb/a0fb401e97734c75",
            "client_keep_alive": 3600,
            "connection_logs": [
              {
                "bucket": "",
                "enabled": false,
                "prefix": ""
              }
            ],
            "customer_owned_ipv4_pool": "",
            "desync_mitigation_mode": "defensive",
            "dns_name": "internal-tdsbx-alb-1927040702.us-west-1.elb.amazonaws.com",
            "dns_record_client_routing_policy": null,
            "drop_invalid_header_fields": false,
            "enable_cross_zone_load_balancing": true,
            "enable_deletion_protection": false,
            "enable_http2": true,
            "enable_prefix_for_ipv6_source_nat": "off",
            "enable_tls_version_and_cipher_suite_headers": false,
            "enable_waf_fail_open": false,
            "enable_xff_client_port": false,
            "enable_zonal_shift": false,
            "enforce_security_group_inbound_rules_on_private_link_traffic": "",
            "health_check_logs": [
              {
                "bucket": "",
                "enabled": false,
                "prefix": ""
              }
            ],
            "id": "arn:aws:elasticloadbalancing:us-west-1:123456789012:loadbalancer/app/tdsbx-alb/a0fb401e97734c75",
            "idle_timeout": 60,
            "internal": true,
            "ip_address_type": "ipv4",
            "ipam_pools": [],
            "load_balancer_type": "application",
            "minimum_load_balancer_capacity": [],
            "name": "tdsbx-alb",
            "name_prefix": "",
            "preserve_host_header": false,
            "region": "us-west-1",
            "secondary_ips_auto_assigned_per_subnet": null,
            "security_groups": [
              "sg-02650871c4b541c45"
            ],
            "subnet_mapping": [
              {
                "allocation_id": "",
                "ipv6_address": "",
                "outpost_id": "",
                "private_ipv4_address": "",
                "subnet_id": "subnet-028f0295af9f3a161"
              },
              {
                "allocation_id": "",
                "ipv6_address": "",
                "outpost_id": "",
                "private_ipv4_address": "",
                "subnet_id": "subnet-0b4768cf8f73de84b"
              }
            ],
            "subnets": [
              "subnet-028f0295af9f3a161",
              "subnet-0b4768cf8f73de84b"
            ],
            "tags": {},
            "tags_all": {
              "tofu-drift-sandbox": "tdsbx"
            },
            "timeouts": null,
            "vpc_id": "vpc-06477faef5ba8c81b",
            "xff_header_processing_mode": "append",
            "zone_id": "Z368ELLRRE2KJ0"
          },
          "sensitive_attributes": [],
          "private": "eyJlMmJmYjczMC1lY2FhLTExZTYtOGY4OC0zNDM2M2JjN2M0YzAiOnsiY3JlYXRlIjo2MDAwMDAwMDAwMDAsImRlbGV0ZSI6NjAwMDAwMDAwMDAwLCJ1cGRhdGUiOjYwMDAwMDAwMDAwMH19",
          "dependencies": [
            "aws_security_group.main",
            "aws_subnet.main",
            "aws_vpc.main",
            "data.aws_availability_zones.up"
          ],
          "identity": {
            "arn": "arn:aws:elasticloadbalancing:us-west-1:123456789012:loadbalancer/app/tdsbx-alb/a0fb401e97734c75"
          },
          "identity_schema_version": 0
        }
      ]
    },
    {
      "mode": "managed",
      "type": "aws_lb_listener",
      "name": "main",
      "provider": "provider[\"registry.opentofu.org/hashicorp/aws\"]",
      "instances": [
        {
          "schema_version": 0,
          "attributes": {
            "alpn_policy": null,
            "arn": "arn:aws:elasticloadbalancing:us-west-1:123456789012:listener/app/tdsbx-alb/a0fb401e97734c75/0524b0e840e10d4e",
            "certificate_arn": null,
            "default_action": [
              {
                "authenticate_cognito": [],
                "authenticate_oidc": [],
                "fixed_response": [],
                "forward": [],
                "jwt_validation": [],
                "order": 1,
                "redirect": [],
                "target_group_arn": "arn:aws:elasticloadbalancing:us-west-1:123456789012:targetgroup/tdsbx-tg/b3486d95889e8ca4",
                "type": "forward"
              }
            ],
            "id": "arn:aws:elasticloadbalancing:us-west-1:123456789012:listener/app/tdsbx-alb/a0fb401e97734c75/0524b0e840e10d4e",
            "load_balancer_arn": "arn:aws:elasticloadbalancing:us-west-1:123456789012:loadbalancer/app/tdsbx-alb/a0fb401e97734c75",
            "mutual_authentication": [],
            "port": 80,
            "protocol": "HTTP",
            "region": "us-west-1",
            "routing_http_request_x_amzn_mtls_clientcert_header_name": null,
            "routing_http_request_x_amzn_mtls_clientcert_issuer_header_name": null,
            "routing_http_request_x_amzn_mtls_clientcert_leaf_header_name": null,
            "routing_http_request_x_amzn_mtls_clientcert_serial_number_header_name": null,
            "routing_http_request_x_amzn_mtls_clientcert_subject_header_name": null,
            "routing_http_request_x_amzn_mtls_clientcert_validity_header_name": null,
            "routing_http_request_x_amzn_tls_cipher_suite_header_name": null,
            "routing_http_request_x_amzn_tls_version_header_name": null,
            "routing_http_response_access_control_allow_credentials_header_value": "",
            "routing_http_response_access_control_allow_headers_header_value": "",
            "routing_http_response_access_control_allow_methods_header_value": "",
            "routing_http_response_access_control_allow_origin_header_value": "",
            "routing_http_response_access_control_expose_headers_header_value": "",
            "routing_http_response_access_control_max_age_header_value": "",
            "routing_http_response_content_security_policy_header_value": "",
            "routing_http_response_server_enabled": true,
            "routing_http_response_strict_transport_security_header_value": "",
            "routing_http_response_x_content_type_options_header_value": "",
            "routing_http_response_x_frame_options_header_value": "",
            "ssl_policy": "",
            "tags": {},
            "tags_all": {
              "tofu-drift-sandbox": "tdsbx"
            },
            "tcp_idle_timeout_seconds": null,
            "timeouts": null
          },
          "sensitive_attributes": [],
          "private": "eyJlMmJmYjczMC1lY2FhLTExZTYtOGY4OC0zNDM2M2JjN2M0YzAiOnsiY3JlYXRlIjozMDAwMDAwMDAwMDAsInVwZGF0ZSI6MzAwMDAwMDAwMDAwfX0=",
          "dependencies": [
            "aws_lb.main",
            "aws_lb_target_group.main",
            "aws_security_group.main",
            "aws_subnet.main",
            "aws_vpc.main",
            "data.aws_availability_zones.up"
          ],
          "identity": {
            "arn": "arn:aws:elasticloadbalancing:us-west-1:123456789012:listener/app/tdsbx-alb/a0fb401e97734c75/0524b0e840e10d4e"
          },
          "identity_schema_version": 0
        }
      ]
    },
    {
      "mode": "managed",
      "type": "aws_lb_target_group",
      "name": "main",
      "provider": "provider[\"registry.opentofu.org/hashicorp/aws\"]",
      "instances": [
        {
          "schema_version": 0,
          "attributes": {
            "arn": "arn:aws:elasticloadbalancing:us-west-1:123456789012:targetgroup/tdsbx-tg/b3486d95889e8ca4",
            "arn_suffix": "targetgroup/tdsbx-tg/b3486d95889e8ca4",
            "connection_termination": null,
            "deregistration_delay": "300",
            "health_check": [
              {
                "enabled": true,
                "healthy_threshold": 5,
                "interval": 30,
                "matcher": "200",
                "path": "/",
                "port": "traffic-port",
                "protocol": "HTTP",
                "timeout": 5,
                "unhealthy_threshold": 2
              }
            ],
            "id": "arn:aws:elasticloadbalancing:us-west-1:123456789012:targetgroup/tdsbx-tg/b3486d95889e8ca4",
            "ip_address_type": "ipv4",
            "lambda_multi_value_headers_enabled": false,
            "load_balancer_arns": [
              "arn:aws:elasticloadbalancing:us-west-1:123456789012:loadbalancer/app/tdsbx-alb/a0fb401e97734c75"
            ],
            "load_balancing_algorithm_type": "round_robin",
            "load_balancing_anomaly_mitigation": "off",
            "load_balancing_cross_zone_enabled": "use_load_balancer_configuration",
            "name": "tdsbx-tg",
            "name_prefix": "",
            "port": 80,
            "preserve_client_ip": null,
            "protocol": "HTTP",
            "protocol_version": "HTTP1",
            "proxy_protocol_v2": false,
            "region": "us-west-1",
            "slow_start": 0,
            "stickiness": [
              {
                "cookie_duration": 86400,
                "cookie_name": "",
                "enabled": false,
                "type": "lb_cookie"
              }
            ],
            "tags": {},
            "tags_all": {
              "tofu-drift-sandbox": "tdsbx"
            },
            "target_control_port": 0,
            "target_failover": [
              {
                "on_deregistration": null,
                "on_unhealthy": null
              }
            ],
            "target_group_health": [
              {
                "dns_failover": [
                  {
                    "minimum_healthy_targets_count": "1",
                    "minimum_healthy_targets_percentage": "off"
                  }
                ],
                "unhealthy_state_routing": [
                  {
                    "minimum_healthy_targets_count": 1,
                    "minimum_healthy_targets_percentage": "off"
                  }
                ]
              }
            ],
            "target_health_state": [
              {
                "enable_unhealthy_connection_termination": null,
                "unhealthy_draining_interval": null
              }
            ],
            "target_type": "instance",
            "vpc_id": "vpc-06477faef5ba8c81b"
          },
          "sensitive_attributes": [],
          "private": "bnVsbA==",
          "dependencies": [
            "aws_vpc.main"
          ],
          "identity": {
            "arn": "arn:aws:elasticloadbalancing:us-west-1:123456789012:targetgroup/tdsbx-tg/b3486d95889e8ca4"
          },
          "identity_schema_version": 0
        }
      ]
    },
    {
      "mode": "managed",
      "type": "aws_route53_zone",
      "name": "main",
      "provider": "provider[\"registry.opentofu.org/hashicorp/aws\"]",
      "instances": [
        {
          "schema_version": 0,
          "attributes": {
            "arn": "arn:aws:route53:::hostedzone/Z10437931QWTHGYJIN0JB",
            "comment": "Managed by Terraform",
            "delegation_set_id": "",
            "enable_accelerated_recovery": false,
            "force_destroy": false,
            "id": "Z10437931QWTHGYJIN0JB",
            "name": "tdsbx.sandbox.internal",
            "name_servers": [
              "ns-0.awsdns-00.com.",
              "ns-1024.awsdns-00.org.",
              "ns-1536.awsdns-00.co.uk.",
              "ns-512.awsdns-00.net."
            ],
            "primary_name_server": "ns-0.awsdns-00.com.",
            "tags": {},
            "tags_all": {
              "tofu-drift-sandbox": "tdsbx"
            },
            "timeouts": null,
            "vpc": [
              {
                "vpc_id": "vpc-06477faef5ba8c81b",
                "vpc_region": "us-west-1"
              }
            ],
            "zone_id": "Z10437931QWTHGYJIN0JB"
          },
          "sensitive_attributes": [],
          "private": "eyJlMmJmYjczMC1lY2FhLTExZTYtOGY4OC0zNDM2M2JjN2M0YzAiOnsiY3JlYXRlIjoxODAwMDAwMDAwMDAwLCJkZWxldGUiOjE4MDAwMDAwMDAwMDAsInVwZGF0ZSI6MTgwMDAwMDAwMDAwMH19",
          "dependencies": [
            "aws_vpc.main"
          ],
          "identity": {
            "account_id": "123456789012",
            "zone_id": "Z10437931QWTHGYJIN0JB"
          },
          "identity_schema_version": 0
        }
      ]
    },
    {
      "mode": "managed",
      "type": "aws_route_table",
      "name": "main",
      "provider": "provider[\"registry.opentofu.org/hashicorp/aws\"]",
      "instances": [
        {
          "schema_version": 0,
          "attributes": {
            "arn": "arn:aws:ec2:us-west-1:123456789012:route-table/rtb-02a3e8bddfe62770b",
            "id": "rtb-02a3e8bddfe62770b",
            "owner_id": "123456789012",
            "propagating_vgws": [],
            "region": "us-west-1",
            "route": [
              {
                "carrier_gateway_id": "",
                "cidr_block": "0.0.0.0/0",
                "core_network_arn": "",
                "destination_prefix_list_id": "",
                "egress_only_gateway_id": "",
                "gateway_id": "igw-0ea4df03e6b2d8f2c",
                "ipv6_cidr_block": "",
                "local_gateway_id": "",
                "nat_gateway_id": "",
                "network_interface_id": "",
                "odb_network_arn": "",
                "transit_gateway_id": "",
                "vpc_endpoint_id": "",
                "vpc_peering_connection_id": ""
              }
            ],
            "tags": {
              "Name": "tdsbx-rt"
            },
            "tags_all": {
              "Name": "tdsbx-rt",
              "tofu-drift-sandbox": "tdsbx"
            },
            "timeouts": null,
            "vpc_id": "vpc-06477faef5ba8c81b"
          },
          "sensitive_attributes": [],
          "private": "eyJlMmJmYjczMC1lY2FhLTExZTYtOGY4OC0zNDM2M2JjN2M0YzAiOnsiY3JlYXRlIjozMDAwMDAwMDAwMDAsImRlbGV0ZSI6MzAwMDAwMDAwMDAwLCJ1cGRhdGUiOjEyMDAwMDAwMDAwMH19",
          "dependencies": [
            "aws_internet_gateway.main",
            "aws_vpc.main"
          ],
          "identity": {
            "account_id": "123456789012",
            "id": "rtb-02a3e8bddfe62770b",
            "region": "us-west-1"
          },
          "identity_schema_version": 0
        }
      ]
    },
    {
      "mode": "managed",
      "type": "aws_route_table_association",
      "name": "main",
      "provider": "provider[\"registry.opentofu.org/hashicorp/aws\"]",
      "instances": [
        {
          "index_key": 0,
          "schema_version": 0,
          "attributes": {
            "gateway_id": "",
            "id": "rtbassoc-01594fbfd1cf5bd3d",
            "region": "us-west-1",
            "route_table_id": "rtb-02a3e8bddfe62770b",
            "subnet_id": "subnet-0b4768cf8f73de84b",
            "timeouts": null
          },
          "sensitive_attributes": [],
          "private": "eyJlMmJmYjczMC1lY2FhLTExZTYtOGY4OC0zNDM2M2JjN2M0YzAiOnsiY3JlYXRlIjozMDAwMDAwMDAwMDAsImRlbGV0ZSI6MzAwMDAwMDAwMDAwLCJ1cGRhdGUiOjEyMDAwMDAwMDAwMH19",
          "dependencies": [
            "aws_internet_gateway.main",
            "aws_route_table.main",
            "aws_subnet.main",
            "aws_vpc.main",
            "data.aws_availability_zones.up"
          ],
          "identity": {
            "account_id": "123456789012",
            "id": "rtbassoc-01594fbfd1cf5bd3d",
            "region": "us-west-1"
          },
          "identity_schema_version": 0
        },
        {
          "index_key": 1,
          "schema_version": 0,
          "attributes": {
            "gateway_id": "",
            "id": "rtbassoc-0cb42ea5276f6ab69",
            "region": "us-west-1",
            "route_table_id": "rtb-02a3e8bddfe62770b",
            "subnet_id": "subnet-028f0295af9f3a161",
            "timeouts": null
          },
          "sensitive_attributes": [],
          "private": "eyJlMmJmYjczMC1lY2FhLTExZTYtOGY4OC0zNDM2M2JjN2M0YzAiOnsiY3JlYXRlIjozMDAwMDAwMDAwMDAsImRlbGV0ZSI6MzAwMDAwMDAwMDAwLCJ1cGRhdGUiOjEyMDAwMDAwMDAwMH19",
          "dependencies": [
            "aws_internet_gateway.main",
            "aws_route_table.main",
            "aws_subnet.main",
            "aws_vpc.main",
            "data.aws_availability_zones.up"
          ],
          "identity": {
            "account_id": "123456789012",
            "id": "rtbassoc-0cb42ea5276f6ab69",
            "region": "us-west-1"
          },
          "identity_schema_version": 0
        }
      ]
    },
    {
      "mode": "managed",
      "type": "aws_s3_bucket",
      "name": "main",
      "provider": "provider[\"registry.opentofu.org/hashicorp/aws\"]",
      "instances": [
        {
          "schema_version": 0,
          "attributes": {
            "acceleration_status": "",
            "acl": null,
            "arn": "arn:aws:s3:::tdsbx-9d855d20238bba926d5ce7291f",
            "bucket": "tdsbx-9d855d20238bba926d5ce7291f",
            "bucket_domain_name": "tdsbx-9d855d20238bba926d5ce7291f.s3.amazonaws.com",
            "bucket_namespace": "global",
            "bucket_prefix": "tdsbx-",
            "bucket_region": "us-west-1",
            "bucket_regional_domain_name": "tdsbx-9d855d20238bba926d5ce7291f.s3.us-west-1.amazonaws.com",
            "cors_rule": [],
            "force_destroy": true,
            "grant": [
              {
                "id": "4300dc37dccbdcbf6011666df68601d6604f590b293e0eecac31b8fd86d3a694",
                "permissions": [
                  "FULL_CONTROL"
                ],
                "type": "CanonicalUser",
                "uri": ""
              }
            ],
            "hosted_zone_id": "Z2F56UZL2M1ACD",
            "id": "tdsbx-9d855d20238bba926d5ce7291f",
            "lifecycle_rule": [],
            "logging": [],
            "object_lock_configuration": [],
            "object_lock_enabled": false,
            "policy": "",
            "region": "us-west-1",
            "replication_configuration": [],
            "request_payer": "BucketOwner",
            "server_side_encryption_configuration": [
              {
                "rule": [
                  {
                    "apply_server_side_encryption_by_default": [
                      {
                        "kms_master_key_id": "",
                        "sse_algorithm": "AES256"
                      }
                    ],
                    "bucket_key_enabled": false
                  }
                ]
              }
            ],
            "tags": {},
            "tags_all": {
              "tofu-drift-sandbox": "tdsbx"
            },
            "timeouts": null,
            "versioning": [
              {
                "enabled": false,
                "mfa_delete": false
              }
            ],
            "website": [],
            "website_domain": null,
            "website_endpoint": null
          },
          "sensitive_attributes": [],
          "private": "eyJlMmJmYjczMC1lY2FhLTExZTYtOGY4OC0zNDM2M2JjN2M0YzAiOnsiY3JlYXRlIjoxMjAwMDAwMDAwMDAwLCJkZWxldGUiOjM2MDAwMDAwMDAwMDAsInJlYWQiOjEyMDAwMDAwMDAwMDAsInVwZGF0ZSI6MTIwMDAwMDAwMDAwMH19",
          "identity": {
            "account_id": "123456789012",
            "bucket": "tdsbx-9d855d20238bba926d5ce7291f",
            "region": "us-west-1"
          },
          "identity_schema_version": 0
        }
      ]
    },
    {
      "mode": "managed",
      "type": "aws_security_group",
      "name": "main",
      "provider": "provider[\"registry.opentofu.org/hashicorp/aws\"]",
      "instances": [
        {
          "schema_version": 1,
          "attributes": {
            "arn": "arn:aws:ec2:us-west-1:123456789012:security-group/sg-02650871c4b541c45",
            "description": "tofu-drift sandbox",
            "egress": [
              {
                "cidr_blocks": [
                  "0.0.0.0/0"
                ],
                "description": "",
                "from_port": 0,
                "ipv6_cidr_blocks": [],
                "prefix_list_ids": [],
                "protocol": "-1",
                "security_groups": [],
                "self": false,
                "to_port": 0
              }
            ],
            "id": "sg-02650871c4b541c45",
            "ingress": [
              {
                "cidr_blocks": [
                  "10.42.0.0/16"
                ],
                "description": "HTTP inside the VPC",
                "from_port": 80,
                "ipv6_cidr_blocks": [],
                "prefix_list_ids": [],
                "protocol": "tcp",
                "security_groups": [],
                "self": false,
                "to_port": 80
              }
            ],
            "name": "tdsbx-sg",
            "name_prefix": "",
            "owner_id": "123456789012",
            "region": "us-west-1",
            "revoke_rules_on_delete": false,
            "tags": {
              "Name": "tdsbx-sg"
            },
            "tags_all": {
              "Name": "tdsbx-sg",
              "tofu-drift-sandbox": "tdsbx"
            },
            "timeouts": null,
            "vpc_id": "vpc-06477faef5ba8c81b"
          },
          "sensitive_attributes": [],
          "private": "eyJlMmJmYjczMC1lY2FhLTExZTYtOGY4OC0zNDM2M2JjN2M0YzAiOnsiY3JlYXRlIjo2MDAwMDAwMDAwMDAsImRlbGV0ZSI6OTAwMDAwMDAwMDAwfSwic2NoZW1hX3ZlcnNpb24iOiIxIn0=",
          "dependencies": [
            "aws_vpc.main"
          ],
          "identity": {
            "account_id": "123456789012",
            "id": "sg-02650871c4b541c45",
            "region": "us-west-1"
          },
          "identity_schema_version": 0
        }
      ]
    },
    {
      "mode": "managed",
      "type": "aws_subnet",
      "name": "main",
      "provider": "provider[\"registry.opentofu.org/hashicorp/aws\"]",
      "instances": [
        {
          "index_key": 0,
          "schema_version": 1,
          "attributes": {
            "arn": "arn:aws:ec2:us-west-1:123456789012:subnet/subnet-0b4768cf8f73de84b",
            "assign_ipv6_address_on_creation": false,
            "availability_zone": "us-west-1a",
            "availability_zone_id": "usw1-az1",
            "cidr_block": "10.42.0.0/24",
            "customer_owned_ipv4_pool": "",
            "enable_dns64": false,
            "enable_lni_at_device_index": 0,
            "enable_resource_name_dns_a_record_on_launch": false,
            "enable_resource_name_dns_aaaa_record_on_launch": false,
            "id": "subnet-0b4768cf8f73de84b",
            "ipv4_ipam_pool_id": null,
            "ipv4_netmask_length": null,
            "ipv6_cidr_block": "",
            "ipv6_cidr_block_association_id": "",
            "ipv6_ipam_pool_id": null,
            "ipv6_native": false,
            "ipv6_netmask_length": null,
            "map_customer_owned_ip_on_launch": false,
            "map_public_ip_on_launch": false,
            "outpost_arn": "",
            "owner_id": "123456789012",
            "private_dns_hostname_type_on_launch": "ip-name",
            "region": "us-west-1",
            "tags": {
              "Name": "tdsbx-subnet-0"
            },
            "tags_all": {
              "Name": "tdsbx-subnet-0",
              "tofu-drift-sandbox": "tdsbx"
            },
            "timeouts": null,
            "vpc_id": "vpc-06477faef5ba8c81b"
          },
          "sensitive_attributes": [],
          "private": "eyJlMmJmYjczMC1lY2FhLTExZTYtOGY4OC0zNDM2M2JjN2M0YzAiOnsiY3JlYXRlIjo2MDAwMDAwMDAwMDAsImRlbGV0ZSI6MTIwMDAwMDAwMDAwMH0sInNjaGVtYV92ZXJzaW9uIjoiMSJ9",
          "dependencies": [
            "aws_vpc.main",
            "data.aws_availability_zones.up"
          ],
          "identity": {
            "account_id": "123456789012",
            "id": "subnet-0b4768cf8f73de84b",
            "region": "us-west-1"
          },
          "identity_schema_version": 0
        },
        {
          "index_key": 1,
          "schema_version": 1,
          "attributes": {
            "arn": "arn:aws:ec2:us-west-1:123456789012:subnet/subnet-028f0295af9f3a161",
            "assign_ipv6_address_on_creation": false,
            "availability_zone": "us-west-1c",
            "availability_zone_id": "usw1-az3",
            "cidr_block": "10.42.1.0/24",
            "customer_owned_ipv4_pool": "",
            "enable_dns64": false,
            "enable_lni_at_device_index": 0,
            "enable_resource_name_dns_a_record_on_launch": false,
            "enable_resource_name_dns_aaaa_record_on_launch": false,
            "id": "subnet-028f0295af9f3a161",
            "ipv4_ipam_pool_id": null,
            "ipv4_netmask_length": null,
            "ipv6_cidr_block": "",
            "ipv6_cidr_block_association_id": "",
            "ipv6_ipam_pool_id": null,
            "ipv6_native": false,
            "ipv6_netmask_length": null,
            "map_customer_owned_ip_on_launch": false,
            "map_public_ip_on_launch": false,
            "outpost_arn": "",
            "owner_id": "123456789012",
            "private_dns_hostname_type_on_launch": "ip-name",
            "region": "us-west-1",
            "tags": {
              "Name": "tdsbx-subnet-1"
            },
            "tags_all": {
              "Name": "tdsbx-subnet-1",
              "tofu-drift-sandbox": "tdsbx"
            },
            "timeouts": null,
            "vpc_id": "vpc-06477faef5ba8c81b"
          },
          "sensitive_attributes": [],
          "private": "eyJlMmJmYjczMC1lY2FhLTExZTYtOGY4OC0zNDM2M2JjN2M0YzAiOnsiY3JlYXRlIjo2MDAwMDAwMDAwMDAsImRlbGV0ZSI6MTIwMDAwMDAwMDAwMH0sInNjaGVtYV92ZXJzaW9uIjoiMSJ9",
          "dependencies": [
            "aws_vpc.main",
            "data.aws_availability_zones.up"
          ],
          "identity": {
            "account_id": "123456789012",
            "id": "subnet-028f0295af9f3a161",
            "region": "us-west-1"
          },
          "identity_schema_version": 0
        }
      ]
    },
    {
      "mode": "managed",
      "type": "aws_volume_attachment",
      "name": "data",
      "provider": "provider[\"registry.opentofu.org/hashicorp/aws\"]",
      "instances": [
        {
          "schema_version": 0,
          "attributes": {
            "device_name": "/dev/sdf",
            "force_detach": null,
            "id": "vai-1491079560",
            "instance_id": "i-06368f8a9da7ab277",
            "region": "us-west-1",
            "skip_destroy": null,
            "stop_instance_before_detaching": null,
            "timeouts": null,
            "volume_id": "vol-064471b497294d84e"
          },
          "sensitive_attributes": [],
          "private": "eyJlMmJmYjczMC1lY2FhLTExZTYtOGY4OC0zNDM2M2JjN2M0YzAiOnsiY3JlYXRlIjozMDAwMDAwMDAwMDAsImRlbGV0ZSI6MzAwMDAwMDAwMDAwfX0=",
          "dependencies": [
            "aws_ebs_volume.data",
            "aws_instance.main",
            "aws_security_group.main",
            "aws_subnet.main",
            "aws_vpc.main",
            "data.aws_availability_zones.up",
            "data.aws_ssm_parameter.al2023_arm64"
          ],
          "identity": {
            "account_id": "123456789012",
            "device_name": "/dev/sdf",
            "instance_id": "i-06368f8a9da7ab277",
            "region": "us-west-1",
            "volume_id": "vol-064471b497294d84e"
          },
          "identity_schema_version": 0
        }
      ]
    },
    {
      "mode": "managed",
      "type": "aws_vpc",
      "name": "main",
      "provider": "provider[\"registry.opentofu.org/hashicorp/aws\"]",
      "instances": [
        {
          "schema_version": 1,
          "attributes": {
            "arn": "arn:aws:ec2:us-west-1:123456789012:vpc/vpc-06477faef5ba8c81b",
            "assign_generated_ipv6_cidr_block": false,
            "cidr_block": "10.42.0.0/16",
            "default_network_acl_id": "acl-02c7711cea6bc08dd",
            "default_route_table_id": "rtb-01c9f94a689dbfc24",
            "default_security_group_id": "sg-022de9ab87e61375e",
            "dhcp_options_id": "dopt-09c9a1db8054f9189",
            "enable_dns_hostnames": false,
            "enable_dns_support": true,
            "enable_network_address_usage_metrics": false,
            "id": "vpc-06477faef5ba8c81b",
            "instance_tenancy": "default",
            "ipv4_ipam_pool_id": null,
            "ipv4_netmask_length": null,
            "ipv6_association_id": "",
            "ipv6_cidr_block": "",
            "ipv6_cidr_block_network_border_group": "",
            "ipv6_ipam_pool_id": "",
            "ipv6_netmask_length": 0,
            "main_route_table_id": "rtb-01c9f94a689dbfc24",
            "owner_id": "123456789012",
            "region": "us-west-1",
            "tags": {
              "Name": "tdsbx-vpc"
            },
            "tags_all": {
              "Name": "tdsbx-vpc",
              "tofu-drift-sandbox": "tdsbx"
            }
          },
          "sensitive_attributes": [],
          "private": "eyJzY2hlbWFfdmVyc2lvbiI6IjEifQ==",
          "identity": {
            "account_id": "123456789012",
            "id": "vpc-06477faef5ba8c81b",
            "region": "us-west-1"
          },
          "identity_schema_version": 0
        }
      ]
    }
  ],
  "check_results": [
    {
      "object_kind": "var",
      "config_addr": "var.name_prefix",
      "status": "pass",
      "objects": [
        {
          "object_addr": "var.name_prefix",
          "status": "pass"
        }
      ]
    }
  ]
}
